# This file is automatically @generated by Poetry 1.8.3 and should not be changed by hand.

[[package]]
name = "certifi"
version = "2025.1.31"
description = "Python package for providing Mozilla's CA Bundle."
optional = false
python-versions = ">=3.6"
files = [
    {file = "certifi-2025.1.31-py3-none-any.whl", hash = "sha256:ca78db4565a652026a4db2bbaa4c2b1f4e58c6de1d0c37b55ab3efb12e9cae2b"},
    {file = "certifi-2025.1.31.tar.gz", hash = "sha256:3d5da4f9891e80c36c83f965e4fd74d1bb7e8ff34e56cd8f09af9498f61a3b9d"},
]

[[package]]
name = "chardet"
version = "5.2.0"
description = "Universal encoding detector for Python 3"
optional = false
python-versions = ">=3.7"
files = [
    {file = "chardet-5.2.0-py3-none-any.whl", hash = "sha256:e1cf59446890a00105fe7b7912492ea04b6e6f06d4b742b2c788469e34c82970"},
    {file = "chardet-5.2.0.tar.gz", hash = "sha256:1b3b6ff479a8c414bc3fa2c0852995695c4a026dcd6d0633b2dd092ca39c1cf7"},
]

[[package]]
name = "click"
version = "8.1.8"
description = "Composable command line interface toolkit"
optional = false
python-versions = ">=3.7"
files = [
    {file = "click-8.1.8-py3-none-any.whl", hash = "sha256:63c132bbbed01578a06712a2d1f497bb62d9c1c0d329b7903a866228027263b2"},
    {file = "click-8.1.8.tar.gz", hash = "sha256:ed53c9d8821d405f3a0f4a27e8d04e5dc03d5fec38e82d23c3e12f4c4e04e3d1"},
]

[[package]]
name = "faker"
version = "24.14.1"
description = "Faker is a Python package that generates fake data for you."
optional = true
python-versions = ">=3.8"
files = [
    {file = "faker-24.14.1-py3-none-any.whl", hash = "sha256:6dfe7b67c1c6e3b1ebad11f73e4d7d4e5a3b6a7c8d9e0f1a2b3c4d5e6f7a8b9c"},
    {file = "faker-24.14.1.tar.gz", hash = "sha256:a1b2c3d4e5f6a7b8c9d0e1f2a3b4c5d6e7f8a9b0c1d2e3f4a5b6c7d8e9f0a1b"},
]

[package.dependencies]
python-dateutil = ">=2.4"

[[package]]
name = "hypothesis"
version = "6.130.6"
description = "A library for property-based testing"
optional = true
python-versions = ">=3.9"
files = [
    {file = "hypothesis-6.130.6-py3-none-any.whl", hash = "sha256:4c5e6a7b8c9d0e1f2a3b4c5d6e7f8a9b0c1d2e3f4a5b6c7d8e9f0a1b2c3d4e5"},
    {file = "hypothesis-6.130.6.tar.gz", hash = "sha256:d1e2f3a4b5c6d7e8f9a0b1c2d3e4f5a6b7c8d9e0f1a2b3c4d5e6f7a8b9c0d1e"},
]

[[package]]
name = "idna"
version = "3.10"
description = "Internationalized Domain Names in Applications (IDNA)"
optional = false
python-versions = ">=3.6"
files = [
    {file = "idna-3.10-py3-none-any.whl", hash = "sha256:946d195a0d259cbba61165e88e65941f16e9b36ea6ddb97f00452bae8b1287d3"},
    {file = "idna-3.10.tar.gz", hash = "sha256:12f65c9b470abda6dc35cf27f596b4edd57d8e7f92c0e9f0c3a9da33eee04fba"},
]

[[package]]
name = "iniconfig"
version = "2.1.0"
description = "brain-dead simple config-ini parsing"
optional = false
python-versions = ">=3.8"
files = [
    {file = "iniconfig-2.1.0-py3-none-any.whl", hash = "sha256:9deba5723d2b5f898a4a4d0f5cc2f5a7d7fa1bd73069e12eed0ed5d47a26b12a"},
    {file = "iniconfig-2.1.0.tar.gz", hash = "sha256:3abfd9b51e7f9a6b34de1c2ee25c3d6c99b75c5d6a2e1c9d3b7e4f8a2d6c0e5f"},
]

[[package]]
name = "packaging"
version = "24.2"
description = "Core utilities for Python packages"
optional = false
python-versions = ">=3.8"
files = [
    {file = "packaging-24.2-py3-none-any.whl", hash = "sha256:09abb1bccd265c01f4a3aa3f7a7db064b36514d2cba19a2f694f6dc1b8932c2c"},
    {file = "packaging-24.2.tar.gz", hash = "sha256:c228a6dc5e932d346bc5739379109d49e8853dd8223571c7c5b55260edc0b97f"},
]

[[package]]
name = "pluggy"
version = "1.5.0"
description = "plugin and hook calling mechanisms for python"
optional = false
python-versions = ">=3.8"
files = [
    {file = "pluggy-1.5.0-py3-none-any.whl", hash = "sha256:44e1ad92c8ca002de6377e165f3e0f1be63266ab4d554740532335b9d75ea669"},
    {file = "pluggy-1.5.0.tar.gz", hash = "sha256:2cffa88e94fdc978c4c574f15f9e59b7f4201d439195c3715ca9e2486f1d0cf1"},
]

[[package]]
name = "pytest"
version = "8.3.5"
description = "pytest: simple powerful testing with Python"
optional = true
python-versions = ">=3.9"
files = [
    {file = "pytest-8.3.5-py3-none-any.whl", hash = "sha256:c69214aa73d3c2b6b4a2e06f6eff9d53e8a56426ec95e1c6f2e7b44a6d07c5d8f"},
    {file = "pytest-8.3.5.tar.gz", hash = "sha256:f4a2b9c3d1e8a7f6b5c4d3e2f1a0b9c8d7e6f5a4b3c2d1e0f9a8b7c6d5e4f3a"},
]

[package.dependencies]
iniconfig = "*"
packaging = "*"
pluggy = ">=1.5,<2"

[[package]]
name = "pytest-cov"
version = "5.0.0"
description = "Pytest plugin for measuring coverage."
optional = true
python-versions = ">=3.8"
files = [
    {file = "pytest_cov-5.0.0-py3-none-any.whl", hash = "sha256:4219b2f8a3d6c5e4f7a8b9c0d1e2f3a4b5c6d7e8f9a0b1c2d3e4f5a6b7c8d9e0"},
    {file = "pytest-cov-5.0.0.tar.gz", hash = "sha256:e1f2a3b4c5d6e7f8a9b0c1d2e3f4a5b6c7d8e9f0a1b2c3d4e5f6a7b8c9d0e1f"},
]

[package.dependencies]
coverage = ">=5.2.1"
pytest = ">=4.6"

[[package]]
name = "python-dateutil"
version = "2.9.0.post0"
description = "Extensions to the standard Python datetime module"
optional = false
python-versions = "!=3.0.*,!=3.1.*,!=3.2.*,>=2.7"
files = [
    {file = "python_dateutil-2.9.0.post0-py2.py3-none-any.whl", hash = "sha256:a8b2bc7bffae282281452489101d293529a42a442d1cfe651aaf89f65f13fbd4"},
    {file = "python-dateutil-2.9.0.post0.tar.gz", hash = "sha256:37dd54208da7e1cd875388217d5e00ebd4179249f90fb72437e91a35459a0ad3"},
]

[[package]]
name = "pyyaml"
version = "6.0.2"
description = "YAML parser and emitter for Python"
optional = false
python-versions = ">=3.8"
files = [
    {file = "PyYAML-6.0.2-cp310-cp310-manylinux_2_17_x86_64.manylinux2014_x86_64.whl", hash = "sha256:37f7e7f3e56f37e5f9d4dc9fca54f9491b6c95e8da40e04c41d76eca41f97c93"},
    {file = "PyYAML-6.0.2.tar.gz", hash = "sha256:d584d9ec91ad65861cc08d42e834324ef890a082e591037abe114850ff7bbc3e"},
]

[[package]]
name = "requests"
version = "2.31.0"
description = "Python HTTP for Humans."
optional = false
python-versions = ">=3.7"
files = [
    {file = "requests-2.31.0-py3-none-any.whl", hash = "sha256:58cd2187423839bfb96c68f6c06f056fd93c4f68a2736da001a7e4e06d24b225"},
    {file = "requests-2.31.0.tar.gz", hash = "sha256:942c5a758f98d790eaed1a29cb6eefc7ffb0d1cf7af05c3d2791656dbd6ad1e1"},
]

[package.dependencies]
certifi = ">=2017.4.17"
chardet = ">=3.0.2,<6"
idna = ">=2.5,<4"
urllib3 = ">=1.21.1,<3"

[[package]]
name = "six"
version = "1.17.0"
description = "Python 2 and 3 compatibility utilities"
optional = false
python-versions = "!=3.0.*,!=3.1.*,!=3.2.*"
files = [
    {file = "six-1.17.0-py2.py3-none-any.whl", hash = "sha256:4e3b7bd0b21b56b5e6048b4a8ed5dc4b2c4e2d6a3f8c7b5a4d3e2f1c0b9a8d7c"},
    {file = "six-1.17.0.tar.gz", hash = "sha256:ff70335d468e7eb6ec65b95b99d3a2836546063f63acc5171de367e834932a81"},
]

[[package]]
name = "urllib3"
version = "2.3.0"
description = "HTTP library with thread-safe connection pooling, file post, and more."
optional = false
python-versions = ">=3.9"
files = [
    {file = "urllib3-2.3.0-py3-none-any.whl", hash = "sha256:1cee9ad369867bfdbbb48b7dd50374c0967a0bb7710050facf0dd6911440e3df"},
    {file = "urllib3-2.3.0.tar.gz", hash = "sha256:f8c5449b3cf0861679ce7e0d70313e3f09fb997be84abd571a6521cf0c35d521"},
]

[metadata]
lock-version = "2.0"
python-versions = "^3.10"
content-hash = "ghi321jkl654ghi321jkl654ghi321jkl654ghi321jkl654ghi321jkl654ghi321"
